{
  "object": {
    "pins": [
      {
        "package": "PublisherKit",
        "repositoryURL": "https://github.com/ragzy15/PublisherKit",
        "state": {
          "branch": null,
          "revision": "0abfe5f5d7c5be13f933fcfe2372e8c9ab3ddf90",
          "version": "4.0.2"
        }
      }
    ]
  },
  "version": 1
}
